
Microsoft Visual Studio Solution File, Format Version 12.00
# Visual Studio Version 16
VisualStudioVersion = 16.0.29709.97
MinimumVisualStudioVersion = 10.0.40219.1
Project("{9A19103F-16F7-4668-BE54-9A1E7A4F7556}") = "Cassanello.Common", "Cassanello.Common\Cassanello.Common.csproj", "{F46C252D-4654-4D12-A06A-E23AA4826DBF}"
EndProject
Project("{9A19103F-16F7-4668-BE54-9A1E7A4F7556}") = "Cassanello.Web", "Cassanello.Web\Cassanello.Web.csproj", "{AA3F96B6-5186-4F27-A625-1B3E49FD82A8}"
EndProject
Project("{FAE04EC0-301F-11D3-BF4B-00C04F79EFBC}") = "Cassanello.Prism", "Cassanello.Prism\Cassanello.Prism\Cassanello.Prism.csproj", "{76C3C052-5991-4D13-8854-5966A3DEFA3F}"
EndProject
Project("{FAE04EC0-301F-11D3-BF4B-00C04F79EFBC}") = "Cassanello.Prism.Android", "Cassanello.Prism\Cassanello.Prism.Android\Cassanello.Prism.Android.csproj", "{D2607238-9332-4ADA-BCF1-8C6E1A5A0F57}"
EndProject
Project("{FAE04EC0-301F-11D3-BF4B-00C04F79EFBC}") = "Cassanello.Prism.iOS", "Cassanello.Prism\Cassanello.Prism.iOS\Cassanello.Prism.iOS.csproj", "{0C4A35B1-186F-4A0D-80F4-E2D35BCC38B4}"
EndProject
Project("{FAE04EC0-301F-11D3-BF4B-00C04F79EFBC}") = "Cassanello.Prism.UWP", "Cassanello.Prism\Cassanello.Prism.UWP\Cassanello.Prism.UWP.csproj", "{32619974-A414-4CF3-AC2F-7383EB81D902}"
EndProject
Global
	GlobalSection(SolutionConfigurationPlatforms) = preSolution
		Ad-Hoc|Any CPU = Ad-Hoc|Any CPU
		Ad-Hoc|ARM = Ad-Hoc|ARM
		Ad-Hoc|iPhone = Ad-Hoc|iPhone
		Ad-Hoc|iPhoneSimulator = Ad-Hoc|iPhoneSimulator
		Ad-Hoc|x64 = Ad-Hoc|x64
		Ad-Hoc|x86 = Ad-Hoc|x86
		AppStore|Any CPU = AppStore|Any CPU
		AppStore|ARM = AppStore|ARM
		AppStore|iPhone = AppStore|iPhone
		AppStore|iPhoneSimulator = AppStore|iPhoneSimulator
		AppStore|x64 = AppStore|x64
		AppStore|x86 = AppStore|x86
		Debug|Any CPU = Debug|Any CPU
		Debug|ARM = Debug|ARM
		Debug|iPhone = Debug|iPhone
		Debug|iPhoneSimulator = Debug|iPhoneSimulator
		Debug|x64 = Debug|x64
		Debug|x86 = Debug|x86
		Release|Any CPU = Release|Any CPU
		Release|ARM = Release|ARM
		Release|iPhone = Release|iPhone
		Release|iPhoneSimulator = Release|iPhoneSimulator
		Release|x64 = Release|x64
		Release|x86 = Release|x86
	EndGlobalSection
	GlobalSection(ProjectConfigurationPlatforms) = postSolution
		{F46C252D-4654-4D12-A06A-E23AA4826DBF}.Ad-Hoc|Any CPU.ActiveCfg = Release|Any CPU
		{F46C252D-4654-4D12-A06A-E23AA4826DBF}.Ad-Hoc|Any CPU.Build.0 = Release|Any CPU
		{F46C252D-4654-4D12-A06A-E23AA4826DBF}.Ad-Hoc|ARM.ActiveCfg = Release|Any CPU
		{F46C252D-4654-4D12-A06A-E23AA4826DBF}.Ad-Hoc|ARM.Build.0 = Release|Any CPU
		{F46C252D-4654-4D12-A06A-E23AA4826DBF}.Ad-Hoc|iPhone.ActiveCfg = Release|Any CPU
		{F46C252D-4654-4D12-A06A-E23AA4826DBF}.Ad-Hoc|iPhone.Build.0 = Release|Any CPU
		{F46C252D-4654-4D12-A06A-E23AA4826DBF}.Ad-Hoc|iPhoneSimulator.ActiveCfg = Release|Any CPU
		{F46C252D-4654-4D12-A06A-E23AA4826DBF}.Ad-Hoc|iPhoneSimulator.Build.0 = Release|Any CPU
		{F46C252D-4654-4D12-A06A-E23AA4826DBF}.Ad-Hoc|x64.ActiveCfg = Release|Any CPU
		{F46C252D-4654-4D12-A06A-E23AA4826DBF}.Ad-Hoc|x64.Build.0 = Release|Any CPU
		{F46C252D-4654-4D12-A06A-E23AA4826DBF}.Ad-Hoc|x86.ActiveCfg = Release|Any CPU
		{F46C252D-4654-4D12-A06A-E23AA4826DBF}.Ad-Hoc|x86.Build.0 = Release|Any CPU
		{F46C252D-4654-4D12-A06A-E23AA4826DBF}.AppStore|Any CPU.ActiveCfg = Release|Any CPU
		{F46C252D-4654-4D12-A06A-E23AA4826DBF}.AppStore|Any CPU.Build.0 = Release|Any CPU
		{F46C252D-4654-4D12-A06A-E23AA4826DBF}.AppStore|ARM.ActiveCfg = Release|Any CPU
		{F46C252D-4654-4D12-A06A-E23AA4826DBF}.AppStore|ARM.Build.0 = Release|Any CPU
		{F46C252D-4654-4D12-A06A-E23AA4826DBF}.AppStore|iPhone.ActiveCfg = Release|Any CPU
		{F46C252D-4654-4D12-A06A-E23AA4826DBF}.AppStore|iPhone.Build.0 = Release|Any CPU
		{F46C252D-4654-4D12-A06A-E23AA4826DBF}.AppStore|iPhoneSimulator.ActiveCfg = Release|Any CPU
		{F46C252D-4654-4D12-A06A-E23AA4826DBF}.AppStore|iPhoneSimulator.Build.0 = Release|Any CPU
		{F46C252D-4654-4D12-A06A-E23AA4826DBF}.AppStore|x64.ActiveCfg = Release|Any CPU
		{F46C252D-4654-4D12-A06A-E23AA4826DBF}.AppStore|x64.Build.0 = Release|Any CPU
		{F46C252D-4654-4D12-A06A-E23AA4826DBF}.AppStore|x86.ActiveCfg = Release|Any CPU
		{F46C252D-4654-4D12-A06A-E23AA4826DBF}.AppStore|x86.Build.0 = Release|Any CPU
		{F46C252D-4654-4D12-A06A-E23AA4826DBF}.Debug|Any CPU.ActiveCfg = Debug|Any CPU
		{F46C252D-4654-4D12-A06A-E23AA4826DBF}.Debug|Any CPU.Build.0 = Debug|Any CPU
		{F46C252D-4654-4D12-A06A-E23AA4826DBF}.Debug|ARM.ActiveCfg = Debug|Any CPU
		{F46C252D-4654-4D12-A06A-E23AA4826DBF}.Debug|ARM.Build.0 = Debug|Any CPU
		{F46C252D-4654-4D12-A06A-E23AA4826DBF}.Debug|iPhone.ActiveCfg = Debug|Any CPU
		{F46C252D-4654-4D12-A06A-E23AA4826DBF}.Debug|iPhone.Build.0 = Debug|Any CPU
		{F46C252D-4654-4D12-A06A-E23AA4826DBF}.Debug|iPhoneSimulator.ActiveCfg = Debug|Any CPU
		{F46C252D-4654-4D12-A06A-E23AA4826DBF}.Debug|iPhoneSimulator.Build.0 = Debug|Any CPU
		{F46C252D-4654-4D12-A06A-E23AA4826DBF}.Debug|x64.ActiveCfg = Debug|Any CPU
		{F46C252D-4654-4D12-A06A-E23AA4826DBF}.Debug|x64.Build.0 = Debug|Any CPU
		{F46C252D-4654-4D12-A06A-E23AA4826DBF}.Debug|x86.ActiveCfg = Debug|Any CPU
		{F46C252D-4654-4D12-A06A-E23AA4826DBF}.Debug|x86.Build.0 = Debug|Any CPU
		{F46C252D-4654-4D12-A06A-E23AA4826DBF}.Release|Any CPU.ActiveCfg = Release|Any CPU
		{F46C252D-4654-4D12-A06A-E23AA4826DBF}.Release|Any CPU.Build.0 = Release|Any CPU
		{F46C252D-4654-4D12-A06A-E23AA4826DBF}.Release|ARM.ActiveCfg = Release|Any CPU
		{F46C252D-4654-4D12-A06A-E23AA4826DBF}.Release|ARM.Build.0 = Release|Any CPU
		{F46C252D-4654-4D12-A06A-E23AA4826DBF}.Release|iPhone.ActiveCfg = Release|Any CPU
		{F46C252D-4654-4D12-A06A-E23AA4826DBF}.Release|iPhone.Build.0 = Release|Any CPU
		{F46C252D-4654-4D12-A06A-E23AA4826DBF}.Release|iPhoneSimulator.ActiveCfg = Release|Any CPU
		{F46C252D-4654-4D12-A06A-E23AA4826DBF}.Release|iPhoneSimulator.Build.0 = Release|Any CPU
		{F46C252D-4654-4D12-A06A-E23AA4826DBF}.Release|x64.ActiveCfg = Release|Any CPU
		{F46C252D-4654-4D12-A06A-E23AA4826DBF}.Release|x64.Build.0 = Release|Any CPU
		{F46C252D-4654-4D12-A06A-E23AA4826DBF}.Release|x86.ActiveCfg = Release|Any CPU
		{F46C252D-4654-4D12-A06A-E23AA4826DBF}.Release|x86.Build.0 = Release|Any CPU
		{AA3F96B6-5186-4F27-A625-1B3E49FD82A8}.Ad-Hoc|Any CPU.ActiveCfg = Release|Any CPU
		{AA3F96B6-5186-4F27-A625-1B3E49FD82A8}.Ad-Hoc|Any CPU.Build.0 = Release|Any CPU
		{AA3F96B6-5186-4F27-A625-1B3E49FD82A8}.Ad-Hoc|ARM.ActiveCfg = Release|Any CPU
		{AA3F96B6-5186-4F27-A625-1B3E49FD82A8}.Ad-Hoc|ARM.Build.0 = Release|Any CPU
		{AA3F96B6-5186-4F27-A625-1B3E49FD82A8}.Ad-Hoc|iPhone.ActiveCfg = Release|Any CPU
		{AA3F96B6-5186-4F27-A625-1B3E49FD82A8}.Ad-Hoc|iPhone.Build.0 = Release|Any CPU
		{AA3F96B6-5186-4F27-A625-1B3E49FD82A8}.Ad-Hoc|iPhoneSimulator.ActiveCfg = Release|Any CPU
		{AA3F96B6-5186-4F27-A625-1B3E49FD82A8}.Ad-Hoc|iPhoneSimulator.Build.0 = Release|Any CPU
		{AA3F96B6-5186-4F27-A625-1B3E49FD82A8}.Ad-Hoc|x64.ActiveCfg = Release|Any CPU
		{AA3F96B6-5186-4F27-A625-1B3E49FD82A8}.Ad-Hoc|x64.Build.0 = Release|Any CPU
		{AA3F96B6-5186-4F27-A625-1B3E49FD82A8}.Ad-Hoc|x86.ActiveCfg = Release|Any CPU
		{AA3F96B6-5186-4F27-A625-1B3E49FD82A8}.Ad-Hoc|x86.Build.0 = Release|Any CPU
		{AA3F96B6-5186-4F27-A625-1B3E49FD82A8}.AppStore|Any CPU.ActiveCfg = Release|Any CPU
		{AA3F96B6-5186-4F27-A625-1B3E49FD82A8}.AppStore|Any CPU.Build.0 = Release|Any CPU
		{AA3F96B6-5186-4F27-A625-1B3E49FD82A8}.AppStore|ARM.ActiveCfg = Release|Any CPU
		{AA3F96B6-5186-4F27-A625-1B3E49FD82A8}.AppStore|ARM.Build.0 = Release|Any CPU
		{AA3F96B6-5186-4F27-A625-1B3E49FD82A8}.AppStore|iPhone.ActiveCfg = Release|Any CPU
		{AA3F96B6-5186-4F27-A625-1B3E49FD82A8}.AppStore|iPhone.Build.0 = Release|Any CPU
		{AA3F96B6-5186-4F27-A625-1B3E49FD82A8}.AppStore|iPhoneSimulator.ActiveCfg = Release|Any CPU
		{AA3F96B6-5186-4F27-A625-1B3E49FD82A8}.AppStore|iPhoneSimulator.Build.0 = Release|Any CPU
		{AA3F96B6-5186-4F27-A625-1B3E49FD82A8}.AppStore|x64.ActiveCfg = Release|Any CPU
		{AA3F96B6-5186-4F27-A625-1B3E49FD82A8}.AppStore|x64.Build.0 = Release|Any CPU
		{AA3F96B6-5186-4F27-A625-1B3E49FD82A8}.AppStore|x86.ActiveCfg = Release|Any CPU
		{AA3F96B6-5186-4F27-A625-1B3E49FD82A8}.AppStore|x86.Build.0 = Release|Any CPU
		{AA3F96B6-5186-4F27-A625-1B3E49FD82A8}.Debug|Any CPU.ActiveCfg = Debug|Any CPU
		{AA3F96B6-5186-4F27-A625-1B3E49FD82A8}.Debug|Any CPU.Build.0 = Debug|Any CPU
		{AA3F96B6-5186-4F27-A625-1B3E49FD82A8}.Debug|ARM.ActiveCfg = Debug|Any CPU
		{AA3F96B6-5186-4F27-A625-1B3E49FD82A8}.Debug|ARM.Build.0 = Debug|Any CPU
		{AA3F96B6-5186-4F27-A625-1B3E49FD82A8}.Debug|iPhone.ActiveCfg = Debug|Any CPU
		{AA3F96B6-5186-4F27-A625-1B3E49FD82A8}.Debug|iPhone.Build.0 = Debug|Any CPU
		{AA3F96B6-5186-4F27-A625-1B3E49FD82A8}.Debug|iPhoneSimulator.ActiveCfg = Debug|Any CPU
		{AA3F96B6-5186-4F27-A625-1B3E49FD82A8}.Debug|iPhoneSimulator.Build.0 = Debug|Any CPU
		{AA3F96B6-5186-4F27-A625-1B3E49FD82A8}.Debug|x64.ActiveCfg = Debug|Any CPU
		{AA3F96B6-5186-4F27-A625-1B3E49FD82A8}.Debug|x64.Build.0 = Debug|Any CPU
		{AA3F96B6-5186-4F27-A625-1B3E49FD82A8}.Debug|x86.ActiveCfg = Debug|Any CPU
		{AA3F96B6-5186-4F27-A625-1B3E49FD82A8}.Debug|x86.Build.0 = Debug|Any CPU
		{AA3F96B6-5186-4F27-A625-1B3E49FD82A8}.Release|Any CPU.ActiveCfg = Release|Any CPU
		{AA3F96B6-5186-4F27-A625-1B3E49FD82A8}.Release|Any CPU.Build.0 = Release|Any CPU
		{AA3F96B6-5186-4F27-A625-1B3E49FD82A8}.Release|ARM.ActiveCfg = Release|Any CPU
		{AA3F96B6-5186-4F27-A625-1B3E49FD82A8}.Release|ARM.Build.0 = Release|Any CPU
		{AA3F96B6-5186-4F27-A625-1B3E49FD82A8}.Release|iPhone.ActiveCfg = Release|Any CPU
		{AA3F96B6-5186-4F27-A625-1B3E49FD82A8}.Release|iPhone.Build.0 = Release|Any CPU
		{AA3F96B6-5186-4F27-A625-1B3E49FD82A8}.Release|iPhoneSimulator.ActiveCfg = Release|Any CPU
		{AA3F96B6-5186-4F27-A625-1B3E49FD82A8}.Release|iPhoneSimulator.Build.0 = Release|Any CPU
		{AA3F96B6-5186-4F27-A625-1B3E49FD82A8}.Release|x64.ActiveCfg = Release|Any CPU
		{AA3F96B6-5186-4F27-A625-1B3E49FD82A8}.Release|x64.Build.0 = Release|Any CPU
		{AA3F96B6-5186-4F27-A625-1B3E49FD82A8}.Release|x86.ActiveCfg = Release|Any CPU
		{AA3F96B6-5186-4F27-A625-1B3E49FD82A8}.Release|x86.Build.0 = Release|Any CPU
		{76C3C052-5991-4D13-8854-5966A3DEFA3F}.Ad-Hoc|Any CPU.ActiveCfg = Debug|Any CPU
		{76C3C052-5991-4D13-8854-5966A3DEFA3F}.Ad-Hoc|Any CPU.Build.0 = Debug|Any CPU
		{76C3C052-5991-4D13-8854-5966A3DEFA3F}.Ad-Hoc|ARM.ActiveCfg = Debug|Any CPU
		{76C3C052-5991-4D13-8854-5966A3DEFA3F}.Ad-Hoc|ARM.Build.0 = Debug|Any CPU
		{76C3C052-5991-4D13-8854-5966A3DEFA3F}.Ad-Hoc|iPhone.ActiveCfg = Debug|Any CPU
		{76C3C052-5991-4D13-8854-5966A3DEFA3F}.Ad-Hoc|iPhone.Build.0 = Debug|Any CPU
		{76C3C052-5991-4D13-8854-5966A3DEFA3F}.Ad-Hoc|iPhoneSimulator.ActiveCfg = Debug|Any CPU
		{76C3C052-5991-4D13-8854-5966A3DEFA3F}.Ad-Hoc|iPhoneSimulator.Build.0 = Debug|Any CPU
		{76C3C052-5991-4D13-8854-5966A3DEFA3F}.Ad-Hoc|x64.ActiveCfg = Debug|Any CPU
		{76C3C052-5991-4D13-8854-5966A3DEFA3F}.Ad-Hoc|x64.Build.0 = Debug|Any CPU
		{76C3C052-5991-4D13-8854-5966A3DEFA3F}.Ad-Hoc|x86.ActiveCfg = Debug|Any CPU
		{76C3C052-5991-4D13-8854-5966A3DEFA3F}.Ad-Hoc|x86.Build.0 = Debug|Any CPU
		{76C3C052-5991-4D13-8854-5966A3DEFA3F}.AppStore|Any CPU.ActiveCfg = Debug|Any CPU
		{76C3C052-5991-4D13-8854-5966A3DEFA3F}.AppStore|Any CPU.Build.0 = Debug|Any CPU
		{76C3C052-5991-4D13-8854-5966A3DEFA3F}.AppStore|ARM.ActiveCfg = Debug|Any CPU
		{76C3C052-5991-4D13-8854-5966A3DEFA3F}.AppStore|ARM.Build.0 = Debug|Any CPU
		{76C3C052-5991-4D13-8854-5966A3DEFA3F}.AppStore|iPhone.ActiveCfg = Debug|Any CPU
		{76C3C052-5991-4D13-8854-5966A3DEFA3F}.AppStore|iPhone.Build.0 = Debug|Any CPU
		{76C3C052-5991-4D13-8854-5966A3DEFA3F}.AppStore|iPhoneSimulator.ActiveCfg = Debug|Any CPU
		{76C3C052-5991-4D13-8854-5966A3DEFA3F}.AppStore|iPhoneSimulator.Build.0 = Debug|Any CPU
		{76C3C052-5991-4D13-8854-5966A3DEFA3F}.AppStore|x64.ActiveCfg = Debug|Any CPU
		{76C3C052-5991-4D13-8854-5966A3DEFA3F}.AppStore|x64.Build.0 = Debug|Any CPU
		{76C3C052-5991-4D13-8854-5966A3DEFA3F}.AppStore|x86.ActiveCfg = Debug|Any CPU
		{76C3C052-5991-4D13-8854-5966A3DEFA3F}.AppStore|x86.Build.0 = Debug|Any CPU
		{76C3C052-5991-4D13-8854-5966A3DEFA3F}.Debug|Any CPU.ActiveCfg = Debug|Any CPU
		{76C3C052-5991-4D13-8854-5966A3DEFA3F}.Debug|Any CPU.Build.0 = Debug|Any CPU
		{76C3C052-5991-4D13-8854-5966A3DEFA3F}.Debug|ARM.ActiveCfg = Debug|Any CPU
		{76C3C052-5991-4D13-8854-5966A3DEFA3F}.Debug|ARM.Build.0 = Debug|Any CPU
		{76C3C052-5991-4D13-8854-5966A3DEFA3F}.Debug|iPhone.ActiveCfg = Debug|Any CPU
		{76C3C052-5991-4D13-8854-5966A3DEFA3F}.Debug|iPhone.Build.0 = Debug|Any CPU
		{76C3C052-5991-4D13-8854-5966A3DEFA3F}.Debug|iPhoneSimulator.ActiveCfg = Debug|Any CPU
		{76C3C052-5991-4D13-8854-5966A3DEFA3F}.Debug|iPhoneSimulator.Build.0 = Debug|Any CPU
		{76C3C052-5991-4D13-8854-5966A3DEFA3F}.Debug|x64.ActiveCfg = Debug|Any CPU
		{76C3C052-5991-4D13-8854-5966A3DEFA3F}.Debug|x64.Build.0 = Debug|Any CPU
		{76C3C052-5991-4D13-8854-5966A3DEFA3F}.Debug|x86.ActiveCfg = Debug|Any CPU
		{76C3C052-5991-4D13-8854-5966A3DEFA3F}.Debug|x86.Build.0 = Debug|Any CPU
		{76C3C052-5991-4D13-8854-5966A3DEFA3F}.Release|Any CPU.ActiveCfg = Release|Any CPU
		{76C3C052-5991-4D13-8854-5966A3DEFA3F}.Release|Any CPU.Build.0 = Release|Any CPU
		{76C3C052-5991-4D13-8854-5966A3DEFA3F}.Release|ARM.ActiveCfg = Release|Any CPU
		{76C3C052-5991-4D13-8854-5966A3DEFA3F}.Release|ARM.Build.0 = Release|Any CPU
		{76C3C052-5991-4D13-8854-5966A3DEFA3F}.Release|iPhone.ActiveCfg = Release|Any CPU
		{76C3C052-5991-4D13-8854-5966A3DEFA3F}.Release|iPhone.Build.0 = Release|Any CPU
		{76C3C052-5991-4D13-8854-5966A3DEFA3F}.Release|iPhoneSimulator.ActiveCfg = Release|Any CPU
		{76C3C052-5991-4D13-8854-5966A3DEFA3F}.Release|iPhoneSimulator.Build.0 = Release|Any CPU
		{76C3C052-5991-4D13-8854-5966A3DEFA3F}.Release|x64.ActiveCfg = Release|Any CPU
		{76C3C052-5991-4D13-8854-5966A3DEFA3F}.Release|x64.Build.0 = Release|Any CPU
		{76C3C052-5991-4D13-8854-5966A3DEFA3F}.Release|x86.ActiveCfg = Release|Any CPU
		{76C3C052-5991-4D13-8854-5966A3DEFA3F}.Release|x86.Build.0 = Release|Any CPU
		{D2607238-9332-4ADA-BCF1-8C6E1A5A0F57}.Ad-Hoc|Any CPU.ActiveCfg = Release|Any CPU
		{D2607238-9332-4ADA-BCF1-8C6E1A5A0F57}.Ad-Hoc|Any CPU.Build.0 = Release|Any CPU
		{D2607238-9332-4ADA-BCF1-8C6E1A5A0F57}.Ad-Hoc|Any CPU.Deploy.0 = Release|Any CPU
		{D2607238-9332-4ADA-BCF1-8C6E1A5A0F57}.Ad-Hoc|ARM.ActiveCfg = Release|Any CPU
		{D2607238-9332-4ADA-BCF1-8C6E1A5A0F57}.Ad-Hoc|ARM.Build.0 = Release|Any CPU
		{D2607238-9332-4ADA-BCF1-8C6E1A5A0F57}.Ad-Hoc|ARM.Deploy.0 = Release|Any CPU
		{D2607238-9332-4ADA-BCF1-8C6E1A5A0F57}.Ad-Hoc|iPhone.ActiveCfg = Release|Any CPU
		{D2607238-9332-4ADA-BCF1-8C6E1A5A0F57}.Ad-Hoc|iPhone.Build.0 = Release|Any CPU
		{D2607238-9332-4ADA-BCF1-8C6E1A5A0F57}.Ad-Hoc|iPhone.Deploy.0 = Release|Any CPU
		{D2607238-9332-4ADA-BCF1-8C6E1A5A0F57}.Ad-Hoc|iPhoneSimulator.ActiveCfg = Release|Any CPU
		{D2607238-9332-4ADA-BCF1-8C6E1A5A0F57}.Ad-Hoc|iPhoneSimulator.Build.0 = Release|Any CPU
		{D2607238-9332-4ADA-BCF1-8C6E1A5A0F57}.Ad-Hoc|iPhoneSimulator.Deploy.0 = Release|Any CPU
		{D2607238-9332-4ADA-BCF1-8C6E1A5A0F57}.Ad-Hoc|x64.ActiveCfg = Release|Any CPU
		{D2607238-9332-4ADA-BCF1-8C6E1A5A0F57}.Ad-Hoc|x64.Build.0 = Release|Any CPU
		{D2607238-9332-4ADA-BCF1-8C6E1A5A0F57}.Ad-Hoc|x64.Deploy.0 = Release|Any CPU
		{D2607238-9332-4ADA-BCF1-8C6E1A5A0F57}.Ad-Hoc|x86.ActiveCfg = Release|Any CPU
		{D2607238-9332-4ADA-BCF1-8C6E1A5A0F57}.Ad-Hoc|x86.Build.0 = Release|Any CPU
		{D2607238-9332-4ADA-BCF1-8C6E1A5A0F57}.Ad-Hoc|x86.Deploy.0 = Release|Any CPU
		{D2607238-9332-4ADA-BCF1-8C6E1A5A0F57}.AppStore|Any CPU.ActiveCfg = Release|Any CPU
		{D2607238-9332-4ADA-BCF1-8C6E1A5A0F57}.AppStore|Any CPU.Build.0 = Release|Any CPU
		{D2607238-9332-4ADA-BCF1-8C6E1A5A0F57}.AppStore|Any CPU.Deploy.0 = Release|Any CPU
		{D2607238-9332-4ADA-BCF1-8C6E1A5A0F57}.AppStore|ARM.ActiveCfg = Release|Any CPU
		{D2607238-9332-4ADA-BCF1-8C6E1A5A0F57}.AppStore|ARM.Build.0 = Release|Any CPU
		{D2607238-9332-4ADA-BCF1-8C6E1A5A0F57}.AppStore|ARM.Deploy.0 = Release|Any CPU
		{D2607238-9332-4ADA-BCF1-8C6E1A5A0F57}.AppStore|iPhone.ActiveCfg = Release|Any CPU
		{D2607238-9332-4ADA-BCF1-8C6E1A5A0F57}.AppStore|iPhone.Build.0 = Release|Any CPU
		{D2607238-9332-4ADA-BCF1-8C6E1A5A0F57}.AppStore|iPhone.Deploy.0 = Release|Any CPU
		{D2607238-9332-4ADA-BCF1-8C6E1A5A0F57}.AppStore|iPhoneSimulator.ActiveCfg = Release|Any CPU
		{D2607238-9332-4ADA-BCF1-8C6E1A5A0F57}.AppStore|iPhoneSimulator.Build.0 = Release|Any CPU
		{D2607238-9332-4ADA-BCF1-8C6E1A5A0F57}.AppStore|iPhoneSimulator.Deploy.0 = Release|Any CPU
		{D2607238-9332-4ADA-BCF1-8C6E1A5A0F57}.AppStore|x64.ActiveCfg = Release|Any CPU
		{D2607238-9332-4ADA-BCF1-8C6E1A5A0F57}.AppStore|x64.Build.0 = Release|Any CPU
		{D2607238-9332-4ADA-BCF1-8C6E1A5A0F57}.AppStore|x64.Deploy.0 = Release|Any CPU
		{D2607238-9332-4ADA-BCF1-8C6E1A5A0F57}.AppStore|x86.ActiveCfg = Release|Any CPU
		{D2607238-9332-4ADA-BCF1-8C6E1A5A0F57}.AppStore|x86.Build.0 = Release|Any CPU
		{D2607238-9332-4ADA-BCF1-8C6E1A5A0F57}.AppStore|x86.Deploy.0 = Release|Any CPU
		{D2607238-9332-4ADA-BCF1-8C6E1A5A0F57}.Debug|Any CPU.ActiveCfg = Debug|Any CPU
		{D2607238-9332-4ADA-BCF1-8C6E1A5A0F57}.Debug|Any CPU.Build.0 = Debug|Any CPU
		{D2607238-9332-4ADA-BCF1-8C6E1A5A0F57}.Debug|Any CPU.Deploy.0 = Debug|Any CPU
		{D2607238-9332-4ADA-BCF1-8C6E1A5A0F57}.Debug|ARM.ActiveCfg = Debug|Any CPU
		{D2607238-9332-4ADA-BCF1-8C6E1A5A0F57}.Debug|ARM.Build.0 = Debug|Any CPU
		{D2607238-9332-4ADA-BCF1-8C6E1A5A0F57}.Debug|ARM.Deploy.0 = Debug|Any CPU
		{D2607238-9332-4ADA-BCF1-8C6E1A5A0F57}.Debug|iPhone.ActiveCfg = Debug|Any CPU
		{D2607238-9332-4ADA-BCF1-8C6E1A5A0F57}.Debug|iPhone.Build.0 = Debug|Any CPU
		{D2607238-9332-4ADA-BCF1-8C6E1A5A0F57}.Debug|iPhone.Deploy.0 = Debug|Any CPU
		{D2607238-9332-4ADA-BCF1-8C6E1A5A0F57}.Debug|iPhoneSimulator.ActiveCfg = Debug|Any CPU
		{D2607238-9332-4ADA-BCF1-8C6E1A5A0F57}.Debug|iPhoneSimulator.Build.0 = Debug|Any CPU
		{D2607238-9332-4ADA-BCF1-8C6E1A5A0F57}.Debug|iPhoneSimulator.Deploy.0 = Debug|Any CPU
		{D2607238-9332-4ADA-BCF1-8C6E1A5A0F57}.Debug|x64.ActiveCfg = Debug|Any CPU
		{D2607238-9332-4ADA-BCF1-8C6E1A5A0F57}.Debug|x64.Build.0 = Debug|Any CPU
		{D2607238-9332-4ADA-BCF1-8C6E1A5A0F57}.Debug|x64.Deploy.0 = Debug|Any CPU
		{D2607238-9332-4ADA-BCF1-8C6E1A5A0F57}.Debug|x86.ActiveCfg = Debug|Any CPU
		{D2607238-9332-4ADA-BCF1-8C6E1A5A0F57}.Debug|x86.Build.0 = Debug|Any CPU
		{D2607238-9332-4ADA-BCF1-8C6E1A5A0F57}.Debug|x86.Deploy.0 = Debug|Any CPU
		{D2607238-9332-4ADA-BCF1-8C6E1A5A0F57}.Release|Any CPU.ActiveCfg = Release|Any CPU
		{D2607238-9332-4ADA-BCF1-8C6E1A5A0F57}.Release|Any CPU.Build.0 = Release|Any CPU
		{D2607238-9332-4ADA-BCF1-8C6E1A5A0F57}.Release|Any CPU.Deploy.0 = Release|Any CPU
		{D2607238-9332-4ADA-BCF1-8C6E1A5A0F57}.Release|ARM.ActiveCfg = Release|Any CPU
		{D2607238-9332-4ADA-BCF1-8C6E1A5A0F57}.Release|ARM.Build.0 = Release|Any CPU
		{D2607238-9332-4ADA-BCF1-8C6E1A5A0F57}.Release|ARM.Deploy.0 = Release|Any CPU
		{D2607238-9332-4ADA-BCF1-8C6E1A5A0F57}.Release|iPhone.ActiveCfg = Release|Any CPU
		{D2607238-9332-4ADA-BCF1-8C6E1A5A0F57}.Release|iPhone.Build.0 = Release|Any CPU
		{D2607238-9332-4ADA-BCF1-8C6E1A5A0F57}.Release|iPhone.Deploy.0 = Release|Any CPU
		{D2607238-9332-4ADA-BCF1-8C6E1A5A0F57}.Release|iPhoneSimulator.ActiveCfg = Release|Any CPU
		{D2607238-9332-4ADA-BCF1-8C6E1A5A0F57}.Release|iPhoneSimulator.Build.0 = Release|Any CPU
		{D2607238-9332-4ADA-BCF1-8C6E1A5A0F57}.Release|iPhoneSimulator.Deploy.0 = Release|Any CPU
		{D2607238-9332-4ADA-BCF1-8C6E1A5A0F57}.Release|x64.ActiveCfg = Release|Any CPU
		{D2607238-9332-4ADA-BCF1-8C6E1A5A0F57}.Release|x64.Build.0 = Release|Any CPU
		{D2607238-9332-4ADA-BCF1-8C6E1A5A0F57}.Release|x64.Deploy.0 = Release|Any CPU
		{D2607238-9332-4ADA-BCF1-8C6E1A5A0F57}.Release|x86.ActiveCfg = Release|Any CPU
		{D2607238-9332-4ADA-BCF1-8C6E1A5A0F57}.Release|x86.Build.0 = Release|Any CPU
		{D2607238-9332-4ADA-BCF1-8C6E1A5A0F57}.Release|x86.Deploy.0 = Release|Any CPU
		{0C4A35B1-186F-4A0D-80F4-E2D35BCC38B4}.Ad-Hoc|Any CPU.ActiveCfg = Ad-Hoc|iPhone
		{0C4A35B1-186F-4A0D-80F4-E2D35BCC38B4}.Ad-Hoc|ARM.ActiveCfg = Ad-Hoc|iPhone
		{0C4A35B1-186F-4A0D-80F4-E2D35BCC38B4}.Ad-Hoc|iPhone.ActiveCfg = Ad-Hoc|iPhone
		{0C4A35B1-186F-4A0D-80F4-E2D35BCC38B4}.Ad-Hoc|iPhone.Build.0 = Ad-Hoc|iPhone
		{0C4A35B1-186F-4A0D-80F4-E2D35BCC38B4}.Ad-Hoc|iPhoneSimulator.ActiveCfg = Ad-Hoc|iPhoneSimulator
		{0C4A35B1-186F-4A0D-80F4-E2D35BCC38B4}.Ad-Hoc|iPhoneSimulator.Build.0 = Ad-Hoc|iPhoneSimulator
		{0C4A35B1-186F-4A0D-80F4-E2D35BCC38B4}.Ad-Hoc|x64.ActiveCfg = Ad-Hoc|iPhone
		{0C4A35B1-186F-4A0D-80F4-E2D35BCC38B4}.Ad-Hoc|x86.ActiveCfg = Ad-Hoc|iPhone
		{0C4A35B1-186F-4A0D-80F4-E2D35BCC38B4}.AppStore|Any CPU.ActiveCfg = AppStore|iPhone
		{0C4A35B1-186F-4A0D-80F4-E2D35BCC38B4}.AppStore|ARM.ActiveCfg = AppStore|iPhone
		{0C4A35B1-186F-4A0D-80F4-E2D35BCC38B4}.AppStore|iPhone.ActiveCfg = AppStore|iPhone
		{0C4A35B1-186F-4A0D-80F4-E2D35BCC38B4}.AppStore|iPhone.Build.0 = AppStore|iPhone
		{0C4A35B1-186F-4A0D-80F4-E2D35BCC38B4}.AppStore|iPhoneSimulator.ActiveCfg = AppStore|iPhoneSimulator
		{0C4A35B1-186F-4A0D-80F4-E2D35BCC38B4}.AppStore|iPhoneSimulator.Build.0 = AppStore|iPhoneSimulator
		{0C4A35B1-186F-4A0D-80F4-E2D35BCC38B4}.AppStore|x64.ActiveCfg = AppStore|iPhone
		{0C4A35B1-186F-4A0D-80F4-E2D35BCC38B4}.AppStore|x86.ActiveCfg = AppStore|iPhone
		{0C4A35B1-186F-4A0D-80F4-E2D35BCC38B4}.Debug|Any CPU.ActiveCfg = Debug|iPhone
		{0C4A35B1-186F-4A0D-80F4-E2D35BCC38B4}.Debug|ARM.ActiveCfg = Debug|iPhone
		{0C4A35B1-186F-4A0D-80F4-E2D35BCC38B4}.Debug|iPhone.ActiveCfg = Debug|iPhone
		{0C4A35B1-186F-4A0D-80F4-E2D35BCC38B4}.Debug|iPhone.Build.0 = Debug|iPhone
		{0C4A35B1-186F-4A0D-80F4-E2D35BCC38B4}.Debug|iPhoneSimulator.ActiveCfg = Debug|iPhoneSimulator
		{0C4A35B1-186F-4A0D-80F4-E2D35BCC38B4}.Debug|iPhoneSimulator.Build.0 = Debug|iPhoneSimulator
		{0C4A35B1-186F-4A0D-80F4-E2D35BCC38B4}.Debug|x64.ActiveCfg = Debug|iPhone
		{0C4A35B1-186F-4A0D-80F4-E2D35BCC38B4}.Debug|x86.ActiveCfg = Debug|iPhone
		{0C4A35B1-186F-4A0D-80F4-E2D35BCC38B4}.Release|Any CPU.ActiveCfg = Release|iPhone
		{0C4A35B1-186F-4A0D-80F4-E2D35BCC38B4}.Release|ARM.ActiveCfg = Release|iPhone
		{0C4A35B1-186F-4A0D-80F4-E2D35BCC38B4}.Release|iPhone.ActiveCfg = Release|iPhone
		{0C4A35B1-186F-4A0D-80F4-E2D35BCC38B4}.Release|iPhone.Build.0 = Release|iPhone
		{0C4A35B1-186F-4A0D-80F4-E2D35BCC38B4}.Release|iPhoneSimulator.ActiveCfg = Release|iPhoneSimulator
		{0C4A35B1-186F-4A0D-80F4-E2D35BCC38B4}.Release|iPhoneSimulator.Build.0 = Release|iPhoneSimulator
		{0C4A35B1-186F-4A0D-80F4-E2D35BCC38B4}.Release|x64.ActiveCfg = Release|iPhone
		{0C4A35B1-186F-4A0D-80F4-E2D35BCC38B4}.Release|x86.ActiveCfg = Release|iPhone
		{32619974-A414-4CF3-AC2F-7383EB81D902}.Ad-Hoc|Any CPU.ActiveCfg = Release|x86
		{32619974-A414-4CF3-AC2F-7383EB81D902}.Ad-Hoc|Any CPU.Build.0 = Release|x86
		{32619974-A414-4CF3-AC2F-7383EB81D902}.Ad-Hoc|Any CPU.Deploy.0 = Release|x86
		{32619974-A414-4CF3-AC2F-7383EB81D902}.Ad-Hoc|ARM.ActiveCfg = Release|ARM
		{32619974-A414-4CF3-AC2F-7383EB81D902}.Ad-Hoc|ARM.Build.0 = Release|ARM
		{32619974-A414-4CF3-AC2F-7383EB81D902}.Ad-Hoc|ARM.Deploy.0 = Release|ARM
		{32619974-A414-4CF3-AC2F-7383EB81D902}.Ad-Hoc|iPhone.ActiveCfg = Release|x86
		{32619974-A414-4CF3-AC2F-7383EB81D902}.Ad-Hoc|iPhone.Build.0 = Release|x86
		{32619974-A414-4CF3-AC2F-7383EB81D902}.Ad-Hoc|iPhone.Deploy.0 = Release|x86
		{32619974-A414-4CF3-AC2F-7383EB81D902}.Ad-Hoc|iPhoneSimulator.ActiveCfg = Release|x86
		{32619974-A414-4CF3-AC2F-7383EB81D902}.Ad-Hoc|iPhoneSimulator.Build.0 = Release|x86
		{32619974-A414-4CF3-AC2F-7383EB81D902}.Ad-Hoc|iPhoneSimulator.Deploy.0 = Release|x86
		{32619974-A414-4CF3-AC2F-7383EB81D902}.Ad-Hoc|x64.ActiveCfg = Release|x64
		{32619974-A414-4CF3-AC2F-7383EB81D902}.Ad-Hoc|x64.Build.0 = Release|x64
		{32619974-A414-4CF3-AC2F-7383EB81D902}.Ad-Hoc|x64.Deploy.0 = Release|x64
		{32619974-A414-4CF3-AC2F-7383EB81D902}.Ad-Hoc|x86.ActiveCfg = Release|x86
		{32619974-A414-4CF3-AC2F-7383EB81D902}.Ad-Hoc|x86.Build.0 = Release|x86
		{32619974-A414-4CF3-AC2F-7383EB81D902}.Ad-Hoc|x86.Deploy.0 = Release|x86
		{32619974-A414-4CF3-AC2F-7383EB81D902}.AppStore|Any CPU.ActiveCfg = Release|x86
		{32619974-A414-4CF3-AC2F-7383EB81D902}.AppStore|Any CPU.Build.0 = Release|x86
		{32619974-A414-4CF3-AC2F-7383EB81D902}.AppStore|Any CPU.Deploy.0 = Release|x86
		{32619974-A414-4CF3-AC2F-7383EB81D902}.AppStore|ARM.ActiveCfg = Release|ARM
		{32619974-A414-4CF3-AC2F-7383EB81D902}.AppStore|ARM.Build.0 = Release|ARM
		{32619974-A414-4CF3-AC2F-7383EB81D902}.AppStore|ARM.Deploy.0 = Release|ARM
		{32619974-A414-4CF3-AC2F-7383EB81D902}.AppStore|iPhone.ActiveCfg = Release|x86
		{32619974-A414-4CF3-AC2F-7383EB81D902}.AppStore|iPhone.Build.0 = Release|x86
		{32619974-A414-4CF3-AC2F-7383EB81D902}.AppStore|iPhone.Deploy.0 = Release|x86
		{32619974-A414-4CF3-AC2F-7383EB81D902}.AppStore|iPhoneSimulator.ActiveCfg = Release|x86
		{32619974-A414-4CF3-AC2F-7383EB81D902}.AppStore|iPhoneSimulator.Build.0 = Release|x86
		{32619974-A414-4CF3-AC2F-7383EB81D902}.AppStore|iPhoneSimulator.Deploy.0 = Release|x86
		{32619974-A414-4CF3-AC2F-7383EB81D902}.AppStore|x64.ActiveCfg = Release|x64
		{32619974-A414-4CF3-AC2F-7383EB81D902}.AppStore|x64.Build.0 = Release|x64
		{32619974-A414-4CF3-AC2F-7383EB81D902}.AppStore|x64.Deploy.0 = Release|x64
		{32619974-A414-4CF3-AC2F-7383EB81D902}.AppStore|x86.ActiveCfg = Release|x86
		{32619974-A414-4CF3-AC2F-7383EB81D902}.AppStore|x86.Build.0 = Release|x86
		{32619974-A414-4CF3-AC2F-7383EB81D902}.AppStore|x86.Deploy.0 = Release|x86
		{32619974-A414-4CF3-AC2F-7383EB81D902}.Debug|Any CPU.ActiveCfg = Debug|x86
		{32619974-A414-4CF3-AC2F-7383EB81D902}.Debug|ARM.ActiveCfg = Debug|ARM
		{32619974-A414-4CF3-AC2F-7383EB81D902}.Debug|ARM.Build.0 = Debug|ARM
		{32619974-A414-4CF3-AC2F-7383EB81D902}.Debug|ARM.Deploy.0 = Debug|ARM
		{32619974-A414-4CF3-AC2F-7383EB81D902}.Debug|iPhone.ActiveCfg = Debug|x86
		{32619974-A414-4CF3-AC2F-7383EB81D902}.Debug|iPhoneSimulator.ActiveCfg = Debug|x86
		{32619974-A414-4CF3-AC2F-7383EB81D902}.Debug|x64.ActiveCfg = Debug|x64
		{32619974-A414-4CF3-AC2F-7383EB81D902}.Debug|x64.Build.0 = Debug|x64
		{32619974-A414-4CF3-AC2F-7383EB81D902}.Debug|x64.Deploy.0 = Debug|x64
		{32619974-A414-4CF3-AC2F-7383EB81D902}.Debug|x86.ActiveCfg = Debug|x86
		{32619974-A414-4CF3-AC2F-7383EB81D902}.Debug|x86.Build.0 = Debug|x86
		{32619974-A414-4CF3-AC2F-7383EB81D902}.Debug|x86.Deploy.0 = Debug|x86
		{32619974-A414-4CF3-AC2F-7383EB81D902}.Release|Any CPU.ActiveCfg = Release|x86
		{32619974-A414-4CF3-AC2F-7383EB81D902}.Release|ARM.ActiveCfg = Release|ARM
		{32619974-A414-4CF3-AC2F-7383EB81D902}.Release|ARM.Build.0 = Release|ARM
		{32619974-A414-4CF3-AC2F-7383EB81D902}.Release|ARM.Deploy.0 = Release|ARM
		{32619974-A414-4CF3-AC2F-7383EB81D902}.Release|iPhone.ActiveCfg = Release|x86
		{32619974-A414-4CF3-AC2F-7383EB81D902}.Release|iPhoneSimulator.ActiveCfg = Release|x86
		{32619974-A414-4CF3-AC2F-7383EB81D902}.Release|x64.ActiveCfg = Release|x64
		{32619974-A414-4CF3-AC2F-7383EB81D902}.Release|x64.Build.0 = Release|x64
		{32619974-A414-4CF3-AC2F-7383EB81D902}.Release|x64.Deploy.0 = Release|x64
		{32619974-A414-4CF3-AC2F-7383EB81D902}.Release|x86.ActiveCfg = Release|x86
		{32619974-A414-4CF3-AC2F-7383EB81D902}.Release|x86.Build.0 = Release|x86
		{32619974-A414-4CF3-AC2F-7383EB81D902}.Release|x86.Deploy.0 = Release|x86
	EndGlobalSection
	GlobalSection(SolutionProperties) = preSolution
		HideSolutionNode = FALSE
	EndGlobalSection
	GlobalSection(ExtensibilityGlobals) = postSolution
		SolutionGuid = {C6D6252D-DD5A-400C-BA96-802EEE288EEA}
	EndGlobalSection
EndGlobal
